{
  "originHash" : "b18802d2868463103949e703d3671a5c327cb110c8092a6af5585aff5bf2ca12",
  "pins" : [
    {
      "identity" : "capacitor-swift-pm",
      "kind" : "remoteSourceControl",
      "location" : "https://github.com/ionic-team/capacitor-swift-pm.git",
      "state" : {
        "revision" : "0e862e6ff13852a710c8a484180ca4d6a2cc9761",
        "version" : "8.2.0"
      }
    },
    {
      "identity" : "ionic-live-updates-releases",
      "kind" : "remoteSourceControl",
      "location" : "https://github.com/ionic-team/ionic-live-updates-releases.git",
      "state" : {
        "revision" : "abfe9cc9d15acfffb7ca8a1b443eb1e41efef1fd",
        "version" : "0.5.7"
      }
    },
    {
      "identity" : "purchases-hybrid-common",
      "kind" : "remoteSourceControl",
      "location" : "https://github.com/RevenueCat/purchases-hybrid-common.git",
      "state" : {
        "revision" : "83f5a6c7a236b7db5c934e3498bcbcefe85bdd7c",
        "version" : "17.47.0"
      }
    },
    {
      "identity" : "purchases-ios-spm",
      "kind" : "remoteSourceControl",
      "location" : "https://github.com/RevenueCat/purchases-ios-spm",
      "state" : {
        "revision" : "a32fd7872f2beaa584b51b6c744364f27e75c869",
        "version" : "5.63.0"
      }
    }
  ],
  "version" : 3
}
